// !$*UTF8*$!
{
	archiveVersion = 1;
	classes = {
	};
	objectVersion = 55;
	objects = {

/* Begin PBXBuildFile section */
		6E84FAF228F7674700BAF96D /* Game2022OctomberApp.swift in Sources */ = {isa = PBXBuildFile; fileRef = 6E84FAF128F7674700BAF96D /* Game2022OctomberApp.swift */; };
		6E84FAF428F7674700BAF96D /* ContentView.swift in Sources */ = {isa = PBXBuildFile; fileRef = 6E84FAF328F7674700BAF96D /* ContentView.swift */; };
		6E84FAF628F7674800BAF96D /* Assets.xcassets in Resources */ = {isa = PBXBuildFile; fileRef = 6E84FAF528F7674800BAF96D /* Assets.xcassets */; };
		6E84FAF928F7674800BAF96D /* Preview Assets.xcassets in Resources */ = {isa = PBXBuildFile; fileRef = 6E84FAF828F7674800BAF96D /* Preview Assets.xcassets */; };
		6E84FB0328F7674800BAF96D /* Game2022OctomberTests.swift in Sources */ = {isa = PBXBuildFile; fileRef = 6E84FB0228F7674800BAF96D /* Game2022OctomberTests.swift */; };
		6E84FB0D28F7674800BAF96D /* Game2022OctomberUITests.swift in Sources */ = {isa = PBXBuildFile; fileRef = 6E84FB0C28F7674800BAF96D /* Game2022OctomberUITests.swift */; };
		6E84FB0F28F7674800BAF96D /* Game2022OctomberUITestsLaunchTests.swift in Sources */ = {isa = PBXBuildFile; fileRef = 6E84FB0E28F7674800BAF96D /* Game2022OctomberUITestsLaunchTests.swift */; };
		6E84FB1D28F76A2100BAF96D /* GameSetting.swift in Sources */ = {isa = PBXBuildFile; fileRef = 6E84FB1C28F76A2100BAF96D /* GameSetting.swift */; };
		6E84FB1F28F76A7D00BAF96D /* GameView.swift in Sources */ = {isa = PBXBuildFile; fileRef = 6E84FB1E28F76A7D00BAF96D /* GameView.swift */; };
		6E84FB2228F76CCD00BAF96D /* Bool+PipeRandom.swift in Sources */ = {isa = PBXBuildFile; fileRef = 6E84FB2128F76CCD00BAF96D /* Bool+PipeRandom.swift */; };
		6E84FB2428F76D0D00BAF96D /* CGFloat+MathUtils.swift in Sources */ = {isa = PBXBuildFile; fileRef = 6E84FB2328F76D0D00BAF96D /* CGFloat+MathUtils.swift */; };
		6E84FB2628F76D7700BAF96D /* SKTextureAtlas+FrameUploader.swift in Sources */ = {isa = PBXBuildFile; fileRef = 6E84FB2528F76D7700BAF96D /* SKTextureAtlas+FrameUploader.swift */; };
		6E84FB2928F76E1E00BAF96D /* ScroollNode.swift in Sources */ = {isa = PBXBuildFile; fileRef = 6E84FB2828F76E1E00BAF96D /* ScroollNode.swift */; };
		6E84FB2B28F76E5E00BAF96D /* BirdNode.swift in Sources */ = {isa = PBXBuildFile; fileRef = 6E84FB2A28F76E5E00BAF96D /* BirdNode.swift */; };
		6E84FB2D28F76E9200BAF96D /* PipeNode.swift in Sources */ = {isa = PBXBuildFile; fileRef = 6E84FB2C28F76E9200BAF96D /* PipeNode.swift */; };
		6E84FB2F28F76EC500BAF96D /* PipeFactory.swift in Sources */ = {isa = PBXBuildFile; fileRef = 6E84FB2E28F76EC500BAF96D /* PipeFactory.swift */; };
		6E84FB3A28F7701900BAF96D /* Hit_Hurt.wav in Resources */ = {isa = PBXBuildFile; fileRef = 6E84FB3728F7701900BAF96D /* Hit_Hurt.wav */; };
		6E84FB3B28F7701900BAF96D /* POL-flight-master-short.wav in Resources */ = {isa = PBXBuildFile; fileRef = 6E84FB3828F7701900BAF96D /* POL-flight-master-short.wav */; };
		6E84FB3C28F7701900BAF96D /* Coin.wav in Resources */ = {isa = PBXBuildFile; fileRef = 6E84FB3928F7701900BAF96D /* Coin.wav */; };
		6E84FB3E28F7706400BAF96D /* ReclamaView.swift in Sources */ = {isa = PBXBuildFile; fileRef = 6E84FB3D28F7706400BAF96D /* ReclamaView.swift */; };
		6E84FB4028F770AC00BAF96D /* SettingsView.swift in Sources */ = {isa = PBXBuildFile; fileRef = 6E84FB3F28F770AC00BAF96D /* SettingsView.swift */; };
		6E84FB4228F770DC00BAF96D /* GameScene.swift in Sources */ = {isa = PBXBuildFile; fileRef = 6E84FB4128F770DC00BAF96D /* GameScene.swift */; };
		6E84FB4428F77AA500BAF96D /* Shape.swift in Sources */ = {isa = PBXBuildFile; fileRef = 6E84FB4328F77AA500BAF96D /* Shape.swift */; };
		6E84FB4628F77B1800BAF96D /* DeviceMotion.swift in Sources */ = {isa = PBXBuildFile; fileRef = 6E84FB4528F77B1800BAF96D /* DeviceMotion.swift */; };
/* End PBXBuildFile section */

/* Begin PBXContainerItemProxy section */
		6E84FAFF28F7674800BAF96D /* PBXContainerItemProxy */ = {
			isa = PBXContainerItemProxy;
			containerPortal = 6E84FAE628F7674700BAF96D /* Project object */;
			proxyType = 1;
			remoteGlobalIDString = 6E84FAED28F7674700BAF96D;
			remoteInfo = Game2022Octomber;
		};
		6E84FB0928F7674800BAF96D /* PBXContainerItemProxy */ = {
			isa = PBXContainerItemProxy;
			containerPortal = 6E84FAE628F7674700BAF96D /* Project object */;
			proxyType = 1;
			remoteGlobalIDString = 6E84FAED28F7674700BAF96D;
			remoteInfo = Game2022Octomber;
		};
/* End PBXContainerItemProxy section */

/* Begin PBXFileReference section */
		6E84FAEE28F7674700BAF96D /* Game2022Octomber.app */ = {isa = PBXFileReference; explicitFileType = wrapper.application; includeInIndex = 0; path = Game2022Octomber.app; sourceTree = BUILT_PRODUCTS_DIR; };
		6E84FAF128F7674700BAF96D /* Game2022OctomberApp.swift */ = {isa = PBXFileReference; lastKnownFileType = sourcecode.swift; path = Game2022OctomberApp.swift; sourceTree = "<group>"; };
		6E84FAF328F7674700BAF96D /* ContentView.swift */ = {isa = PBXFileReference; lastKnownFileType = sourcecode.swift; path = ContentView.swift; sourceTree = "<group>"; };
		6E84FAF528F7674800BAF96D /* Assets.xcassets */ = {isa = PBXFileReference; lastKnownFileType = folder.assetcatalog; path = Assets.xcassets; sourceTree = "<group>"; };
		6E84FAF828F7674800BAF96D /* Preview Assets.xcassets */ = {isa = PBXFileReference; lastKnownFileType = folder.assetcatalog; path = "Preview Assets.xcassets"; sourceTree = "<group>"; };
		6E84FAFE28F7674800BAF96D /* Game2022OctomberTests.xctest */ = {isa = PBXFileReference; explicitFileType = wrapper.cfbundle; includeInIndex = 0; path = Game2022OctomberTests.xctest; sourceTree = BUILT_PRODUCTS_DIR; };
		6E84FB0228F7674800BAF96D /* Game2022OctomberTests.swift */ = {isa = PBXFileReference; lastKnownFileType = sourcecode.swift; path = Game2022OctomberTests.swift; sourceTree = "<group>"; };
		6E84FB0828F7674800BAF96D /* Game2022OctomberUITests.xctest */ = {isa = PBXFileReference; explicitFileType = wrapper.cfbundle; includeInIndex = 0; path = Game2022OctomberUITests.xctest; sourceTree = BUILT_PRODUCTS_DIR; };
		6E84FB0C28F7674800BAF96D /* Game2022OctomberUITests.swift */ = {isa = PBXFileReference; lastKnownFileType = sourcecode.swift; path = Game2022OctomberUITests.swift; sourceTree = "<group>"; };
		6E84FB0E28F7674800BAF96D /* Game2022OctomberUITestsLaunchTests.swift */ = {isa = PBXFileReference; lastKnownFileType = sourcecode.swift; path = Game2022OctomberUITestsLaunchTests.swift; sourceTree = "<group>"; };
		6E84FB1C28F76A2100BAF96D /* GameSetting.swift */ = {isa = PBXFileReference; lastKnownFileType = sourcecode.swift; path = GameSetting.swift; sourceTree = "<group>"; };
		6E84FB1E28F76A7D00BAF96D /* GameView.swift */ = {isa = PBXFileReference; lastKnownFileType = sourcecode.swift; path = GameView.swift; sourceTree = "<group>"; };
		6E84FB2128F76CCD00BAF96D /* Bool+PipeRandom.swift */ = {isa = PBXFileReference; lastKnownFileType = sourcecode.swift; path = "Bool+PipeRandom.swift"; sourceTree = "<group>"; };
		6E84FB2328F76D0D00BAF96D /* CGFloat+MathUtils.swift */ = {isa = PBXFileReference; lastKnownFileType = sourcecode.swift; path = "CGFloat+MathUtils.swift"; sourceTree = "<group>"; };
		6E84FB2528F76D7700BAF96D /* SKTextureAtlas+FrameUploader.swift */ = {isa = PBXFileReference; lastKnownFileType = sourcecode.swift; path = "SKTextureAtlas+FrameUploader.swift"; sourceTree = "<group>"; };
		6E84FB2828F76E1E00BAF96D /* ScroollNode.swift */ = {isa = PBXFileReference; lastKnownFileType = sourcecode.swift; path = ScroollNode.swift; sourceTree = "<group>"; };
		6E84FB2A28F76E5E00BAF96D /* BirdNode.swift */ = {isa = PBXFileReference; lastKnownFileType = sourcecode.swift; path = BirdNode.swift; sourceTree = "<group>"; };
		6E84FB2C28F76E9200BAF96D /* PipeNode.swift */ = {isa = PBXFileReference; lastKnownFileType = sourcecode.swift; path = PipeNode.swift; sourceTree = "<group>"; };
		6E84FB2E28F76EC500BAF96D /* PipeFactory.swift */ = {isa = PBXFileReference; lastKnownFileType = sourcecode.swift; path = PipeFactory.swift; sourceTree = "<group>"; };
		6E84FB3728F7701900BAF96D /* Hit_Hurt.wav */ = {isa = PBXFileReference; lastKnownFileType = audio.wav; name = Hit_Hurt.wav; path = ../Pipe/Hit_Hurt.wav; sourceTree = "<group>"; };
		6E84FB3828F7701900BAF96D /* POL-flight-master-short.wav */ = {isa = PBXFileReference; lastKnownFileType = audio.wav; name = "POL-flight-master-short.wav"; path = "../Pipe/POL-flight-master-short.wav"; sourceTree = "<group>"; };
		6E84FB3928F7701900BAF96D /* Coin.wav */ = {isa = PBXFileReference; lastKnownFileType = audio.wav; name = Coin.wav; path = ../Pipe/Coin.wav; sourceTree = "<group>"; };
		6E84FB3D28F7706400BAF96D /* ReclamaView.swift */ = {isa = PBXFileReference; lastKnownFileType = sourcecode.swift; path = ReclamaView.swift; sourceTree = "<group>"; };
		6E84FB3F28F770AC00BAF96D /* SettingsView.swift */ = {isa = PBXFileReference; lastKnownFileType = sourcecode.swift; path = SettingsView.swift; sourceTree = "<group>"; };
		6E84FB4128F770DC00BAF96D /* GameScene.swift */ = {isa = PBXFileReference; lastKnownFileType = sourcecode.swift; path = GameScene.swift; sourceTree = "<group>"; };
		6E84FB4328F77AA500BAF96D /* Shape.swift */ = {isa = PBXFileReference; lastKnownFileType = sourcecode.swift; path = Shape.swift; sourceTree = "<group>"; };
		6E84FB4528F77B1800BAF96D /* DeviceMotion.swift */ = {isa = PBXFileReference; lastKnownFileType = sourcecode.swift; path = DeviceMotion.swift; sourceTree = "<group>"; };
/* End PBXFileReference section */

/* Begin PBXFrameworksBuildPhase section */
		6E84FAEB28F7674700BAF96D /* Frameworks */ = {
			isa = PBXFrameworksBuildPhase;
			buildActionMask = 2147483647;
			files = (
			);
			runOnlyForDeploymentPostprocessing = 0;
		};
		6E84FAFB28F7674800BAF96D /* Frameworks */ = {
			isa = PBXFrameworksBuildPhase;
			buildActionMask = 2147483647;
			files = (
			);
			runOnlyForDeploymentPostprocessing = 0;
		};
		6E84FB0528F7674800BAF96D /* Frameworks */ = {
			isa = PBXFrameworksBuildPhase;
			buildActionMask = 2147483647;
			files = (
			);
			runOnlyForDeploymentPostprocessing = 0;
		};
/* End PBXFrameworksBuildPhase section */

/* Begin PBXGroup section */
		6E84FAE528F7674700BAF96D = {
			isa = PBXGroup;
			children = (
				6E84FAF028F7674700BAF96D /* Game2022Octomber */,
				6E84FB0128F7674800BAF96D /* Game2022OctomberTests */,
				6E84FB0B28F7674800BAF96D /* Game2022OctomberUITests */,
				6E84FAEF28F7674700BAF96D /* Products */,
			);
			sourceTree = "<group>";
		};
		6E84FAEF28F7674700BAF96D /* Products */ = {
			isa = PBXGroup;
			children = (
				6E84FAEE28F7674700BAF96D /* Game2022Octomber.app */,
				6E84FAFE28F7674800BAF96D /* Game2022OctomberTests.xctest */,
				6E84FB0828F7674800BAF96D /* Game2022OctomberUITests.xctest */,
			);
			name = Products;
			sourceTree = "<group>";
		};
		6E84FAF028F7674700BAF96D /* Game2022Octomber */ = {
			isa = PBXGroup;
			children = (
				6E84FAF128F7674700BAF96D /* Game2022OctomberApp.swift */,
				6E84FAF328F7674700BAF96D /* ContentView.swift */,
				6E84FB1B28F76A0100BAF96D /* Game */,
				6E84FAF528F7674800BAF96D /* Assets.xcassets */,
				6E84FB3028F76EFE00BAF96D /* Sound */,
				6E84FB2728F76DE200BAF96D /* Pipe */,
				6E84FB2028F76C7500BAF96D /* Extention */,
				6E84FAF728F7674800BAF96D /* Preview Content */,
			);
			path = Game2022Octomber;
			sourceTree = "<group>";
		};
		6E84FAF728F7674800BAF96D /* Preview Content */ = {
			isa = PBXGroup;
			children = (
				6E84FAF828F7674800BAF96D /* Preview Assets.xcassets */,
			);
			path = "Preview Content";
			sourceTree = "<group>";
		};
		6E84FB0128F7674800BAF96D /* Game2022OctomberTests */ = {
			isa = PBXGroup;
			children = (
				6E84FB0228F7674800BAF96D /* Game2022OctomberTests.swift */,
			);
			path = Game2022OctomberTests;
			sourceTree = "<group>";
		};
		6E84FB0B28F7674800BAF96D /* Game2022OctomberUITests */ = {
			isa = PBXGroup;
			children = (
				6E84FB0C28F7674800BAF96D /* Game2022OctomberUITests.swift */,
				6E84FB0E28F7674800BAF96D /* Game2022OctomberUITestsLaunchTests.swift */,
			);
			path = Game2022OctomberUITests;
			sourceTree = "<group>";
		};
		6E84FB1B28F76A0100BAF96D /* Game */ = {
			isa = PBXGroup;
			children = (
				6E84FB1E28F76A7D00BAF96D /* GameView.swift */,
				6E84FB1C28F76A2100BAF96D /* GameSetting.swift */,
				6E84FB4128F770DC00BAF96D /* GameScene.swift */,
				6E84FB3F28F770AC00BAF96D /* SettingsView.swift */,
				6E84FB3D28F7706400BAF96D /* ReclamaView.swift */,
				6E84FB4328F77AA500BAF96D /* Shape.swift */,
				6E84FB4528F77B1800BAF96D /* DeviceMotion.swift */,
			);
			path = Game;
			sourceTree = "<group>";
		};
		6E84FB2028F76C7500BAF96D /* Extention */ = {
			isa = PBXGroup;
			children = (
				6E84FB2128F76CCD00BAF96D /* Bool+PipeRandom.swift */,
				6E84FB2328F76D0D00BAF96D /* CGFloat+MathUtils.swift */,
				6E84FB2528F76D7700BAF96D /* SKTextureAtlas+FrameUploader.swift */,
			);
			path = Extention;
			sourceTree = "<group>";
		};
		6E84FB2728F76DE200BAF96D /* Pipe */ = {
			isa = PBXGroup;
			children = (
				6E84FB2828F76E1E00BAF96D /* ScroollNode.swift */,
				6E84FB2A28F76E5E00BAF96D /* BirdNode.swift */,
				6E84FB2C28F76E9200BAF96D /* PipeNode.swift */,
				6E84FB2E28F76EC500BAF96D /* PipeFactory.swift */,
			);
			path = Pipe;
			sourceTree = "<group>";
		};
		6E84FB3028F76EFE00BAF96D /* Sound */ = {
			isa = PBXGroup;
			children = (
				6E84FB3828F7701900BAF96D /* POL-flight-master-short.wav */,
				6E84FB3728F7701900BAF96D /* Hit_Hurt.wav */,
				6E84FB3928F7701900BAF96D /* Coin.wav */,
			);
			path = Sound;
			sourceTree = "<group>";
		};
/* End PBXGroup section */

/* Begin PBXNativeTarget section */
		6E84FAED28F7674700BAF96D /* Game2022Octomber */ = {
			isa = PBXNativeTarget;
			buildConfigurationList = 6E84FB1228F7674800BAF96D /* Build configuration list for PBXNativeTarget "Game2022Octomber" */;
			buildPhases = (
				6E84FAEA28F7674700BAF96D /* Sources */,
				6E84FAEB28F7674700BAF96D /* Frameworks */,
				6E84FAEC28F7674700BAF96D /* Resources */,
			);
			buildRules = (
			);
			dependencies = (
			);
			name = Game2022Octomber;
			productName = Game2022Octomber;
			productReference = 6E84FAEE28F7674700BAF96D /* Game2022Octomber.app */;
			productType = "com.apple.product-type.application";
		};
		6E84FAFD28F7674800BAF96D /* Game2022OctomberTests */ = {
			isa = PBXNativeTarget;
			buildConfigurationList = 6E84FB1528F7674800BAF96D /* Build configuration list for PBXNativeTarget "Game2022OctomberTests" */;
			buildPhases = (
				6E84FAFA28F7674800BAF96D /* Sources */,
				6E84FAFB28F7674800BAF96D /* Frameworks */,
				6E84FAFC28F7674800BAF96D /* Resources */,
			);
			buildRules = (
			);
			dependencies = (
				6E84FB0028F7674800BAF96D /* PBXTargetDependency */,
			);
			name = Game2022OctomberTests;
			productName = Game2022OctomberTests;
			productReference = 6E84FAFE28F7674800BAF96D /* Game2022OctomberTests.xctest */;
			productType = "com.apple.product-type.bundle.unit-test";
		};
		6E84FB0728F7674800BAF96D /* Game2022OctomberUITests */ = {
			isa = PBXNativeTarget;
			buildConfigurationList = 6E84FB1828F7674800BAF96D /* Build configuration list for PBXNativeTarget "Game2022OctomberUITests" */;
			buildPhases = (
				6E84FB0428F7674800BAF96D /* Sources */,
				6E84FB0528F7674800BAF96D /* Frameworks */,
				6E84FB0628F7674800BAF96D /* Resources */,
			);
			buildRules = (
			);
			dependencies = (
				6E84FB0A28F7674800BAF96D /* PBXTargetDependency */,
			);
			name = Game2022OctomberUITests;
			productName = Game2022OctomberUITests;
			productReference = 6E84FB0828F7674800BAF96D /* Game2022OctomberUITests.xctest */;
			productType = "com.apple.product-type.bundle.ui-testing";
		};
/* End PBXNativeTarget section */

/* Begin PBXProject section */
		6E84FAE628F7674700BAF96D /* Project object */ = {
			isa = PBXProject;
			attributes = {
				BuildIndependentTargetsInParallel = 1;
				LastSwiftUpdateCheck = 1340;
				LastUpgradeCheck = 1340;
				TargetAttributes = {
					6E84FAED28F7674700BAF96D = {
						CreatedOnToolsVersion = 13.4.1;
					};
					6E84FAFD28F7674800BAF96D = {
						CreatedOnToolsVersion = 13.4.1;
						TestTargetID = 6E84FAED28F7674700BAF96D;
					};
					6E84FB0728F7674800BAF96D = {
						CreatedOnToolsVersion = 13.4.1;
						TestTargetID = 6E84FAED28F7674700BAF96D;
					};
				};
			};
			buildConfigurationList = 6E84FAE928F7674700BAF96D /* Build configuration list for PBXProject "Game2022Octomber" */;
			compatibilityVersion = "Xcode 13.0";
			developmentRegion = en;
			hasScannedForEncodings = 0;
			knownRegions = (
				en,
				Base,
			);
			mainGroup = 6E84FAE528F7674700BAF96D;
			productRefGroup = 6E84FAEF28F7674700BAF96D /* Products */;
			projectDirPath = "";
			projectRoot = "";
			targets = (
				6E84FAED28F7674700BAF96D /* Game2022Octomber */,
				6E84FAFD28F7674800BAF96D /* Game2022OctomberTests */,
				6E84FB0728F7674800BAF96D /* Game2022OctomberUITests */,
			);
		};
/* End PBXProject section */

/* Begin PBXResourcesBuildPhase section */
		6E84FAEC28F7674700BAF96D /* Resources */ = {
			isa = PBXResourcesBuildPhase;
			buildActionMask = 2147483647;
			files = (
				6E84FAF928F7674800BAF96D /* Preview Assets.xcassets in Resources */,
				6E84FB3C28F7701900BAF96D /* Coin.wav in Resources */,
				6E84FB3A28F7701900BAF96D /* Hit_Hurt.wav in Resources */,
				6E84FAF628F7674800BAF96D /* Assets.xcassets in Resources */,
				6E84FB3B28F7701900BAF96D /* POL-flight-master-short.wav in Resources */,
			);
			runOnlyForDeploymentPostprocessing = 0;
		};
		6E84FAFC28F7674800BAF96D /* Resources */ = {
			isa = PBXResourcesBuildPhase;
			buildActionMask = 2147483647;
			files = (
			);
			runOnlyForDeploymentPostprocessing = 0;
		};
		6E84FB0628F7674800BAF96D /* Resources */ = {
			isa = PBXResourcesBuildPhase;
			buildActionMask = 2147483647;
			files = (
			);
			runOnlyForDeploymentPostprocessing = 0;
		};
/* End PBXResourcesBuildPhase section */

/* Begin PBXSourcesBuildPhase section */
		6E84FAEA28F7674700BAF96D /* Sources */ = {
			isa = PBXSourcesBuildPhase;
			buildActionMask = 2147483647;
			files = (
				6E84FB2928F76E1E00BAF96D /* ScroollNode.swift in Sources */,
				6E84FAF428F7674700BAF96D /* ContentView.swift in Sources */,
				6E84FB2B28F76E5E00BAF96D /* BirdNode.swift in Sources */,
				6E84FB4628F77B1800BAF96D /* DeviceMotion.swift in Sources */,
				6E84FB2628F76D7700BAF96D /* SKTextureAtlas+FrameUploader.swift in Sources */,
				6E84FB2228F76CCD00BAF96D /* Bool+PipeRandom.swift in Sources */,
				6E84FB2428F76D0D00BAF96D /* CGFloat+MathUtils.swift in Sources */,
				6E84FB2F28F76EC500BAF96D /* PipeFactory.swift in Sources */,
				6E84FB1D28F76A2100BAF96D /* GameSetting.swift in Sources */,
				6E84FB3E28F7706400BAF96D /* ReclamaView.swift in Sources */,
				6E84FB2D28F76E9200BAF96D /* PipeNode.swift in Sources */,
				6E84FB4428F77AA500BAF96D /* Shape.swift in Sources */,
				6E84FB1F28F76A7D00BAF96D /* GameView.swift in Sources */,
				6E84FAF228F7674700BAF96D /* Game2022OctomberApp.swift in Sources */,
				6E84FB4228F770DC00BAF96D /* GameScene.swift in Sources */,
				6E84FB4028F770AC00BAF96D /* SettingsView.swift in Sources */,
			);
			runOnlyForDeploymentPostprocessing = 0;
		};
		6E84FAFA28F7674800BAF96D /* Sources */ = {
			isa = PBXSourcesBuildPhase;
			buildActionMask = 2147483647;
			files = (
				6E84FB0328F7674800BAF96D /* Game2022OctomberTests.swift in Sources */,
			);
			runOnlyForDeploymentPostprocessing = 0;
		};
		6E84FB0428F7674800BAF96D /* Sources */ = {
			isa = PBXSourcesBuildPhase;
			buildActionMask = 2147483647;
			files = (
				6E84FB0D28F7674800BAF96D /* Game2022OctomberUITests.swift in Sources */,
				6E84FB0F28F7674800BAF96D /* Game2022OctomberUITestsLaunchTests.swift in Sources */,
			);
			runOnlyForDeploymentPostprocessing = 0;
		};
/* End PBXSourcesBuildPhase section */

/* Begin PBXTargetDependency section */
		6E84FB0028F7674800BAF96D /* PBXTargetDependency */ = {
			isa = PBXTargetDependency;
			target = 6E84FAED28F7674700BAF96D /* Game2022Octomber */;
			targetProxy = 6E84FAFF28F7674800BAF96D /* PBXContainerItemProxy */;
		};
		6E84FB0A28F7674800BAF96D /* PBXTargetDependency */ = {
			isa = PBXTargetDependency;
			target = 6E84FAED28F7674700BAF96D /* Game2022Octomber */;
			targetProxy = 6E84FB0928F7674800BAF96D /* PBXContainerItemProxy */;
		};
/* End PBXTargetDependency section */

/* Begin XCBuildConfiguration section */
		6E84FB1028F7674800BAF96D /* Debug */ = {
			isa = XCBuildConfiguration;
			buildSettings = {
				ALWAYS_SEARCH_USER_PATHS = NO;
				CLANG_ANALYZER_NONNULL = YES;
				CLANG_ANALYZER_NUMBER_OBJECT_CONVERSION = YES_AGGRESSIVE;
				CLANG_CXX_LANGUAGE_STANDARD = "gnu++17";
				CLANG_ENABLE_MODULES = YES;
				CLANG_ENABLE_OBJC_ARC = YES;
				CLANG_ENABLE_OBJC_WEAK = YES;
				CLANG_WARN_BLOCK_CAPTURE_AUTORELEASING = YES;
				CLANG_WARN_BOOL_CONVERSION = YES;
				CLANG_WARN_COMMA = YES;
				CLANG_WARN_CONSTANT_CONVERSION = YES;
				CLANG_WARN_DEPRECATED_OBJC_IMPLEMENTATIONS = YES;
				CLANG_WARN_DIRECT_OBJC_ISA_USAGE = YES_ERROR;
				CLANG_WARN_DOCUMENTATION_COMMENTS = YES;
				CLANG_WARN_EMPTY_BODY = YES;
				CLANG_WARN_ENUM_CONVERSION = YES;
				CLANG_WARN_INFINITE_RECURSION = YES;
				CLANG_WARN_INT_CONVERSION = YES;
				CLANG_WARN_NON_LITERAL_NULL_CONVERSION = YES;
				CLANG_WARN_OBJC_IMPLICIT_RETAIN_SELF = YES;
				CLANG_WARN_OBJC_LITERAL_CONVERSION = YES;
				CLANG_WARN_OBJC_ROOT_CLASS = YES_ERROR;
				CLANG_WARN_QUOTED_INCLUDE_IN_FRAMEWORK_HEADER = YES;
				CLANG_WARN_RANGE_LOOP_ANALYSIS = YES;
				CLANG_WARN_STRICT_PROTOTYPES = YES;
				CLANG_WARN_SUSPICIOUS_MOVE = YES;
				CLANG_WARN_UNGUARDED_AVAILABILITY = YES_AGGRESSIVE;
				CLANG_WARN_UNREACHABLE_CODE = YES;
				CLANG_WARN__DUPLICATE_METHOD_MATCH = YES;
				COPY_PHASE_STRIP = NO;
				DEBUG_INFORMATION_FORMAT = dwarf;
				ENABLE_STRICT_OBJC_MSGSEND = YES;
				ENABLE_TESTABILITY = YES;
				GCC_C_LANGUAGE_STANDARD = gnu11;
				GCC_DYNAMIC_NO_PIC = NO;
				GCC_NO_COMMON_BLOCKS = YES;
				GCC_OPTIMIZATION_LEVEL = 0;
				GCC_PREPROCESSOR_DEFINITIONS = (
					"DEBUG=1",
					"$(inherited)",
				);
				GCC_WARN_64_TO_32_BIT_CONVERSION = YES;
				GCC_WARN_ABOUT_RETURN_TYPE = YES_ERROR;
				GCC_WARN_UNDECLARED_SELECTOR = YES;
				GCC_WARN_UNINITIALIZED_AUTOS = YES_AGGRESSIVE;
				GCC_WARN_UNUSED_FUNCTION = YES;
				GCC_WARN_UNUSED_VARIABLE = YES;
				IPHONEOS_DEPLOYMENT_TARGET = 15.5;
				MTL_ENABLE_DEBUG_INFO = INCLUDE_SOURCE;
				MTL_FAST_MATH = YES;
				ONLY_ACTIVE_ARCH = YES;
				SDKROOT = iphoneos;
				SWIFT_ACTIVE_COMPILATION_CONDITIONS = DEBUG;
				SWIFT_OPTIMIZATION_LEVEL = "-Onone";
			};
			name = Debug;
		};
		6E84FB1128F7674800BAF96D /* Release */ = {
			isa = XCBuildConfiguration;
			buildSettings = {
				ALWAYS_SEARCH_USER_PATHS = NO;
				CLANG_ANALYZER_NONNULL = YES;
				CLANG_ANALYZER_NUMBER_OBJECT_CONVERSION = YES_AGGRESSIVE;
				CLANG_CXX_LANGUAGE_STANDARD = "gnu++17";
				CLANG_ENABLE_MODULES = YES;
				CLANG_ENABLE_OBJC_ARC = YES;
				CLANG_ENABLE_OBJC_WEAK = YES;
				CLANG_WARN_BLOCK_CAPTURE_AUTORELEASING = YES;
				CLANG_WARN_BOOL_CONVERSION = YES;
				CLANG_WARN_COMMA = YES;
				CLANG_WARN_CONSTANT_CONVERSION = YES;
				CLANG_WARN_DEPRECATED_OBJC_IMPLEMENTATIONS = YES;
				CLANG_WARN_DIRECT_OBJC_ISA_USAGE = YES_ERROR;
				CLANG_WARN_DOCUMENTATION_COMMENTS = YES;
				CLANG_WARN_EMPTY_BODY = YES;
				CLANG_WARN_ENUM_CONVERSION = YES;
				CLANG_WARN_INFINITE_RECURSION = YES;
				CLANG_WARN_INT_CONVERSION = YES;
				CLANG_WARN_NON_LITERAL_NULL_CONVERSION = YES;
				CLANG_WARN_OBJC_IMPLICIT_RETAIN_SELF = YES;
				CLANG_WARN_OBJC_LITERAL_CONVERSION = YES;
				CLANG_WARN_OBJC_ROOT_CLASS = YES_ERROR;
				CLANG_WARN_QUOTED_INCLUDE_IN_FRAMEWORK_HEADER = YES;
				CLANG_WARN_RANGE_LOOP_ANALYSIS = YES;
				CLANG_WARN_STRICT_PROTOTYPES = YES;
				CLANG_WARN_SUSPICIOUS_MOVE = YES;
				CLANG_WARN_UNGUARDED_AVAILABILITY = YES_AGGRESSIVE;
				CLANG_WARN_UNREACHABLE_CODE = YES;
				CLANG_WARN__DUPLICATE_METHOD_MATCH = YES;
				COPY_PHASE_STRIP = NO;
				DEBUG_INFORMATION_FORMAT = "dwarf-with-dsym";
				ENABLE_NS_ASSERTIONS = NO;
				ENABLE_STRICT_OBJC_MSGSEND = YES;
				GCC_C_LANGUAGE_STANDARD = gnu11;
				GCC_NO_COMMON_BLOCKS = YES;
				GCC_WARN_64_TO_32_BIT_CONVERSION = YES;
				GCC_WARN_ABOUT_RETURN_TYPE = YES_ERROR;
				GCC_WARN_UNDECLARED_SELECTOR = YES;
				GCC_WARN_UNINITIALIZED_AUTOS = YES_AGGRESSIVE;
				GCC_WARN_UNUSED_FUNCTION = YES;
				GCC_WARN_UNUSED_VARIABLE = YES;
				IPHONEOS_DEPLOYMENT_TARGET = 15.5;
				MTL_ENABLE_DEBUG_INFO = NO;
				MTL_FAST_MATH = YES;
				SDKROOT = iphoneos;
				SWIFT_COMPILATION_MODE = wholemodule;
				SWIFT_OPTIMIZATION_LEVEL = "-O";
				VALIDATE_PRODUCT = YES;
			};
			name = Release;
		};
		6E84FB1328F7674800BAF96D /* Debug */ = {
			isa = XCBuildConfiguration;
			buildSettings = {
				ASSETCATALOG_COMPILER_APPICON_NAME = AppIcon;
				ASSETCATALOG_COMPILER_GLOBAL_ACCENT_COLOR_NAME = AccentColor;
				CODE_SIGN_STYLE = Automatic;
				CURRENT_PROJECT_VERSION = 1;
				DEVELOPMENT_ASSET_PATHS = "\"Game2022Octomber/Preview Content\"";
				DEVELOPMENT_TEAM = 59D3872DX3;
				ENABLE_PREVIEWS = YES;
				GENERATE_INFOPLIST_FILE = YES;
				INFOPLIST_KEY_UIApplicationSceneManifest_Generation = YES;
				INFOPLIST_KEY_UIApplicationSupportsIndirectInputEvents = YES;
				INFOPLIST_KEY_UILaunchScreen_Generation = YES;
				INFOPLIST_KEY_UISupportedInterfaceOrientations_iPad = "UIInterfaceOrientationPortrait UIInterfaceOrientationPortraitUpsideDown UIInterfaceOrientationLandscapeLeft UIInterfaceOrientationLandscapeRight";
				INFOPLIST_KEY_UISupportedInterfaceOrientations_iPhone = "UIInterfaceOrientationPortrait UIInterfaceOrientationLandscapeLeft UIInterfaceOrientationLandscapeRight";
				IPHONEOS_DEPLOYMENT_TARGET = 15.0;
				LD_RUNPATH_SEARCH_PATHS = (
					"$(inherited)",
					"@executable_path/Frameworks",
				);
				MARKETING_VERSION = 1.0;
				PRODUCT_BUNDLE_IDENTIFIER = IvanDosev.Game2022Octomber;
				PRODUCT_NAME = "$(TARGET_NAME)";
				SWIFT_EMIT_LOC_STRINGS = YES;
				SWIFT_VERSION = 5.0;
				TARGETED_DEVICE_FAMILY = "1,2";
			};
			name = Debug;
		};
		6E84FB1428F7674800BAF96D /* Release */ = {
			isa = XCBuildConfiguration;
			buildSettings = {
				ASSETCATALOG_COMPILER_APPICON_NAME = AppIcon;
				ASSETCATALOG_COMPILER_GLOBAL_ACCENT_COLOR_NAME = AccentColor;
				CODE_SIGN_STYLE = Automatic;
				CURRENT_PROJECT_VERSION = 1;
				DEVELOPMENT_ASSET_PATHS = "\"Game2022Octomber/Preview Content\"";
				DEVELOPMENT_TEAM = 59D3872DX3;
				ENABLE_PREVIEWS = YES;
				GENERATE_INFOPLIST_FILE = YES;
				INFOPLIST_KEY_UIApplicationSceneManifest_Generation = YES;
				INFOPLIST_KEY_UIApplicationSupportsIndirectInputEvents = YES;
				INFOPLIST_KEY_UILaunchScreen_Generation = YES;
				INFOPLIST_KEY_UISupportedInterfaceOrientations_iPad = "UIInterfaceOrientationPortrait UIInterfaceOrientationPortraitUpsideDown UIInterfaceOrientationLandscapeLeft UIInterfaceOrientationLandscapeRight";
				INFOPLIST_KEY_UISupportedInterfaceOrientations_iPhone = "UIInterfaceOrientationPortrait UIInterfaceOrientationLandscapeLeft UIInterfaceOrientationLandscapeRight";
				IPHONEOS_DEPLOYMENT_TARGET = 15.0;
				LD_RUNPATH_SEARCH_PATHS = (
					"$(inherited)",
					"@executable_path/Frameworks",
				);
				MARKETING_VERSION = 1.0;
				PRODUCT_BUNDLE_IDENTIFIER = IvanDosev.Game2022Octomber;
				PRODUCT_NAME = "$(TARGET_NAME)";
				SWIFT_EMIT_LOC_STRINGS = YES;
				SWIFT_VERSION = 5.0;
				TARGETED_DEVICE_FAMILY = "1,2";
			};
			name = Release;
		};
		6E84FB1628F7674800BAF96D /* Debug */ = {
			isa = XCBuildConfiguration;
			buildSettings = {
				ALWAYS_EMBED_SWIFT_STANDARD_LIBRARIES = YES;
				BUNDLE_LOADER = "$(TEST_HOST)";
				CODE_SIGN_STYLE = Automatic;
				CURRENT_PROJECT_VERSION = 1;
				DEVELOPMENT_TEAM = 59D3872DX3;
				GENERATE_INFOPLIST_FILE = YES;
				IPHONEOS_DEPLOYMENT_TARGET = 15.5;
				MARKETING_VERSION = 1.0;
				PRODUCT_BUNDLE_IDENTIFIER = IvanDosev.Game2022OctomberTests;
				PRODUCT_NAME = "$(TARGET_NAME)";
				SWIFT_EMIT_LOC_STRINGS = NO;
				SWIFT_VERSION = 5.0;
				TARGETED_DEVICE_FAMILY = "1,2";
				TEST_HOST = "$(BUILT_PRODUCTS_DIR)/Game2022Octomber.app/Game2022Octomber";
			};
			name = Debug;
		};
		6E84FB1728F7674800BAF96D /* Release */ = {
			isa = XCBuildConfiguration;
			buildSettings = {
				ALWAYS_EMBED_SWIFT_STANDARD_LIBRARIES = YES;
				BUNDLE_LOADER = "$(TEST_HOST)";
				CODE_SIGN_STYLE = Automatic;
				CURRENT_PROJECT_VERSION = 1;
				DEVELOPMENT_TEAM = 59D3872DX3;
				GENERATE_INFOPLIST_FILE = YES;
				IPHONEOS_DEPLOYMENT_TARGET = 15.5;
				MARKETING_VERSION = 1.0;
				PRODUCT_BUNDLE_IDENTIFIER = IvanDosev.Game2022OctomberTests;
				PRODUCT_NAME = "$(TARGET_NAME)";
				SWIFT_EMIT_LOC_STRINGS = NO;
				SWIFT_VERSION = 5.0;
				TARGETED_DEVICE_FAMILY = "1,2";
				TEST_HOST = "$(BUILT_PRODUCTS_DIR)/Game2022Octomber.app/Game2022Octomber";
			};
			name = Release;
		};
		6E84FB1928F7674800BAF96D /* Debug */ = {
			isa = XCBuildConfiguration;
			buildSettings = {
				ALWAYS_EMBED_SWIFT_STANDARD_LIBRARIES = YES;
				CODE_SIGN_STYLE = Automatic;
				CURRENT_PROJECT_VERSION = 1;
				DEVELOPMENT_TEAM = 59D3872DX3;
				GENERATE_INFOPLIST_FILE = YES;
				MARKETING_VERSION = 1.0;
				PRODUCT_BUNDLE_IDENTIFIER = IvanDosev.Game2022OctomberUITests;
				PRODUCT_NAME = "$(TARGET_NAME)";
				SWIFT_EMIT_LOC_STRINGS = NO;
				SWIFT_VERSION = 5.0;
				TARGETED_DEVICE_FAMILY = "1,2";
				TEST_TARGET_NAME = Game2022Octomber;
			};
			name = Debug;
		};
		6E84FB1A28F7674800BAF96D /* Release */ = {
			isa = XCBuildConfiguration;
			buildSettings = {
				ALWAYS_EMBED_SWIFT_STANDARD_LIBRARIES = YES;
				CODE_SIGN_STYLE = Automatic;
				CURRENT_PROJECT_VERSION = 1;
				DEVELOPMENT_TEAM = 59D3872DX3;
				GENERATE_INFOPLIST_FILE = YES;
				MARKETING_VERSION = 1.0;
				PRODUCT_BUNDLE_IDENTIFIER = IvanDosev.Game2022OctomberUITests;
				PRODUCT_NAME = "$(TARGET_NAME)";
				SWIFT_EMIT_LOC_STRINGS = NO;
				SWIFT_VERSION = 5.0;
				TARGETED_DEVICE_FAMILY = "1,2";
				TEST_TARGET_NAME = Game2022Octomber;
			};
			name = Release;
		};
/* End XCBuildConfiguration section */

/* Begin XCConfigurationList section */
		6E84FAE928F7674700BAF96D /* Build configuration list for PBXProject "Game2022Octomber" */ = {
			isa = XCConfigurationList;
			buildConfigurations = (
				6E84FB1028F7674800BAF96D /* Debug */,
				6E84FB1128F7674800BAF96D /* Release */,
			);
			defaultConfigurationIsVisible = 0;
			defaultConfigurationName = Release;
		};
		6E84FB1228F7674800BAF96D /* Build configuration list for PBXNativeTarget "Game2022Octomber" */ = {
			isa = XCConfigurationList;
			buildConfigurations = (
				6E84FB1328F7674800BAF96D /* Debug */,
				6E84FB1428F7674800BAF96D /* Release */,
			);
			defaultConfigurationIsVisible = 0;
			defaultConfigurationName = Release;
		};
		6E84FB1528F7674800BAF96D /* Build configuration list for PBXNativeTarget "Game2022OctomberTests" */ = {
			isa = XCConfigurationList;
			buildConfigurations = (
				6E84FB1628F7674800BAF96D /* Debug */,
				6E84FB1728F7674800BAF96D /* Release */,
			);
			defaultConfigurationIsVisible = 0;
			defaultConfigurationName = Release;
		};
		6E84FB1828F7674800BAF96D /* Build configuration list for PBXNativeTarget "Game2022OctomberUITests" */ = {
			isa = XCConfigurationList;
			buildConfigurations = (
				6E84FB1928F7674800BAF96D /* Debug */,
				6E84FB1A28F7674800BAF96D /* Release */,
			);
			defaultConfigurationIsVisible = 0;
			defaultConfigurationName = Release;
		};
/* End XCConfigurationList section */
	};
	rootObject = 6E84FAE628F7674700BAF96D /* Project object */;
}
